
Microsoft Visual Studio Solution File, Format Version 12.00
# Visual Studio 15
VisualStudioVersion = 15.0.27004.2010
MinimumVisualStudioVersion = 10.0.40219.1
Project("{FAE04EC0-301F-11D3-BF4B-00C04F79EFBC}") = "App2.Android", "App2\App2.Android\App2.Android.csproj", "{A8EADD9B-12F3-4AE4-BCB6-1AE8FF6F06CC}"
EndProject
Project("{FAE04EC0-301F-11D3-BF4B-00C04F79EFBC}") = "App2", "App2\App2\App2.csproj", "{9AA63AE2-3C0E-4965-988C-6ACAA57B1A3F}"
EndProject
Project("{FAE04EC0-301F-11D3-BF4B-00C04F79EFBC}") = "App2.iOS", "App2\App2.iOS\App2.iOS.csproj", "{126376E1-9E13-4481-8C02-1F357BF7F6A1}"
EndProject
Global
	GlobalSection(SolutionConfigurationPlatforms) = preSolution
		Ad-Hoc|Any CPU = Ad-Hoc|Any CPU
		Ad-Hoc|iPhone = Ad-Hoc|iPhone
		Ad-Hoc|iPhoneSimulator = Ad-Hoc|iPhoneSimulator
		AppStore|Any CPU = AppStore|Any CPU
		AppStore|iPhone = AppStore|iPhone
		AppStore|iPhoneSimulator = AppStore|iPhoneSimulator
		Debug|Any CPU = Debug|Any CPU
		Debug|iPhone = Debug|iPhone
		Debug|iPhoneSimulator = Debug|iPhoneSimulator
		Release|Any CPU = Release|Any CPU
		Release|iPhone = Release|iPhone
		Release|iPhoneSimulator = Release|iPhoneSimulator
	EndGlobalSection
	GlobalSection(ProjectConfigurationPlatforms) = postSolution
		{A8EADD9B-12F3-4AE4-BCB6-1AE8FF6F06CC}.Ad-Hoc|Any CPU.ActiveCfg = Release|Any CPU
		{A8EADD9B-12F3-4AE4-BCB6-1AE8FF6F06CC}.Ad-Hoc|Any CPU.Build.0 = Release|Any CPU
		{A8EADD9B-12F3-4AE4-BCB6-1AE8FF6F06CC}.Ad-Hoc|Any CPU.Deploy.0 = Release|Any CPU
		{A8EADD9B-12F3-4AE4-BCB6-1AE8FF6F06CC}.Ad-Hoc|iPhone.ActiveCfg = Release|Any CPU
		{A8EADD9B-12F3-4AE4-BCB6-1AE8FF6F06CC}.Ad-Hoc|iPhone.Build.0 = Release|Any CPU
		{A8EADD9B-12F3-4AE4-BCB6-1AE8FF6F06CC}.Ad-Hoc|iPhone.Deploy.0 = Release|Any CPU
		{A8EADD9B-12F3-4AE4-BCB6-1AE8FF6F06CC}.Ad-Hoc|iPhoneSimulator.ActiveCfg = Release|Any CPU
		{A8EADD9B-12F3-4AE4-BCB6-1AE8FF6F06CC}.Ad-Hoc|iPhoneSimulator.Build.0 = Release|Any CPU
		{A8EADD9B-12F3-4AE4-BCB6-1AE8FF6F06CC}.Ad-Hoc|iPhoneSimulator.Deploy.0 = Release|Any CPU
		{A8EADD9B-12F3-4AE4-BCB6-1AE8FF6F06CC}.AppStore|Any CPU.ActiveCfg = Release|Any CPU
		{A8EADD9B-12F3-4AE4-BCB6-1AE8FF6F06CC}.AppStore|Any CPU.Build.0 = Release|Any CPU
		{A8EADD9B-12F3-4AE4-BCB6-1AE8FF6F06CC}.AppStore|Any CPU.Deploy.0 = Release|Any CPU
		{A8EADD9B-12F3-4AE4-BCB6-1AE8FF6F06CC}.AppStore|iPhone.ActiveCfg = Release|Any CPU
		{A8EADD9B-12F3-4AE4-BCB6-1AE8FF6F06CC}.AppStore|iPhone.Build.0 = Release|Any CPU
		{A8EADD9B-12F3-4AE4-BCB6-1AE8FF6F06CC}.AppStore|iPhone.Deploy.0 = Release|Any CPU
		{A8EADD9B-12F3-4AE4-BCB6-1AE8FF6F06CC}.AppStore|iPhoneSimulator.ActiveCfg = Release|Any CPU
		{A8EADD9B-12F3-4AE4-BCB6-1AE8FF6F06CC}.AppStore|iPhoneSimulator.Build.0 = Release|Any CPU
		{A8EADD9B-12F3-4AE4-BCB6-1AE8FF6F06CC}.AppStore|iPhoneSimulator.Deploy.0 = Release|Any CPU
		{A8EADD9B-12F3-4AE4-BCB6-1AE8FF6F06CC}.Debug|Any CPU.ActiveCfg = Debug|Any CPU
		{A8EADD9B-12F3-4AE4-BCB6-1AE8FF6F06CC}.Debug|Any CPU.Build.0 = Debug|Any CPU
		{A8EADD9B-12F3-4AE4-BCB6-1AE8FF6F06CC}.Debug|Any CPU.Deploy.0 = Debug|Any CPU
		{A8EADD9B-12F3-4AE4-BCB6-1AE8FF6F06CC}.Debug|iPhone.ActiveCfg = Debug|Any CPU
		{A8EADD9B-12F3-4AE4-BCB6-1AE8FF6F06CC}.Debug|iPhone.Build.0 = Debug|Any CPU
		{A8EADD9B-12F3-4AE4-BCB6-1AE8FF6F06CC}.Debug|iPhone.Deploy.0 = Debug|Any CPU
		{A8EADD9B-12F3-4AE4-BCB6-1AE8FF6F06CC}.Debug|iPhoneSimulator.ActiveCfg = Debug|Any CPU
		{A8EADD9B-12F3-4AE4-BCB6-1AE8FF6F06CC}.Debug|iPhoneSimulator.Build.0 = Debug|Any CPU
		{A8EADD9B-12F3-4AE4-BCB6-1AE8FF6F06CC}.Debug|iPhoneSimulator.Deploy.0 = Debug|Any CPU
		{A8EADD9B-12F3-4AE4-BCB6-1AE8FF6F06CC}.Release|Any CPU.ActiveCfg = Release|Any CPU
		{A8EADD9B-12F3-4AE4-BCB6-1AE8FF6F06CC}.Release|Any CPU.Build.0 = Release|Any CPU
		{A8EADD9B-12F3-4AE4-BCB6-1AE8FF6F06CC}.Release|Any CPU.Deploy.0 = Release|Any CPU
		{A8EADD9B-12F3-4AE4-BCB6-1AE8FF6F06CC}.Release|iPhone.ActiveCfg = Release|Any CPU
		{A8EADD9B-12F3-4AE4-BCB6-1AE8FF6F06CC}.Release|iPhone.Build.0 = Release|Any CPU
		{A8EADD9B-12F3-4AE4-BCB6-1AE8FF6F06CC}.Release|iPhone.Deploy.0 = Release|Any CPU
		{A8EADD9B-12F3-4AE4-BCB6-1AE8FF6F06CC}.Release|iPhoneSimulator.ActiveCfg = Release|Any CPU
		{A8EADD9B-12F3-4AE4-BCB6-1AE8FF6F06CC}.Release|iPhoneSimulator.Build.0 = Release|Any CPU
		{A8EADD9B-12F3-4AE4-BCB6-1AE8FF6F06CC}.Release|iPhoneSimulator.Deploy.0 = Release|Any CPU
		{9AA63AE2-3C0E-4965-988C-6ACAA57B1A3F}.Ad-Hoc|Any CPU.ActiveCfg = Release|Any CPU
		{9AA63AE2-3C0E-4965-988C-6ACAA57B1A3F}.Ad-Hoc|Any CPU.Build.0 = Release|Any CPU
		{9AA63AE2-3C0E-4965-988C-6ACAA57B1A3F}.Ad-Hoc|iPhone.ActiveCfg = Release|Any CPU
		{9AA63AE2-3C0E-4965-988C-6ACAA57B1A3F}.Ad-Hoc|iPhone.Build.0 = Release|Any CPU
		{9AA63AE2-3C0E-4965-988C-6ACAA57B1A3F}.Ad-Hoc|iPhoneSimulator.ActiveCfg = Release|Any CPU
		{9AA63AE2-3C0E-4965-988C-6ACAA57B1A3F}.Ad-Hoc|iPhoneSimulator.Build.0 = Release|Any CPU
		{9AA63AE2-3C0E-4965-988C-6ACAA57B1A3F}.AppStore|Any CPU.ActiveCfg = Release|Any CPU
		{9AA63AE2-3C0E-4965-988C-6ACAA57B1A3F}.AppStore|Any CPU.Build.0 = Release|Any CPU
		{9AA63AE2-3C0E-4965-988C-6ACAA57B1A3F}.AppStore|iPhone.ActiveCfg = Release|Any CPU
		{9AA63AE2-3C0E-4965-988C-6ACAA57B1A3F}.AppStore|iPhone.Build.0 = Release|Any CPU
		{9AA63AE2-3C0E-4965-988C-6ACAA57B1A3F}.AppStore|iPhoneSimulator.ActiveCfg = Release|Any CPU
		{9AA63AE2-3C0E-4965-988C-6ACAA57B1A3F}.AppStore|iPhoneSimulator.Build.0 = Release|Any CPU
		{9AA63AE2-3C0E-4965-988C-6ACAA57B1A3F}.Debug|Any CPU.ActiveCfg = Debug|Any CPU
		{9AA63AE2-3C0E-4965-988C-6ACAA57B1A3F}.Debug|Any CPU.Build.0 = Debug|Any CPU
		{9AA63AE2-3C0E-4965-988C-6ACAA57B1A3F}.Debug|iPhone.ActiveCfg = Debug|Any CPU
		{9AA63AE2-3C0E-4965-988C-6ACAA57B1A3F}.Debug|iPhone.Build.0 = Debug|Any CPU
		{9AA63AE2-3C0E-4965-988C-6ACAA57B1A3F}.Debug|iPhoneSimulator.ActiveCfg = Debug|Any CPU
		{9AA63AE2-3C0E-4965-988C-6ACAA57B1A3F}.Debug|iPhoneSimulator.Build.0 = Debug|Any CPU
		{9AA63AE2-3C0E-4965-988C-6ACAA57B1A3F}.Release|Any CPU.ActiveCfg = Release|Any CPU
		{9AA63AE2-3C0E-4965-988C-6ACAA57B1A3F}.Release|Any CPU.Build.0 = Release|Any CPU
		{9AA63AE2-3C0E-4965-988C-6ACAA57B1A3F}.Release|iPhone.ActiveCfg = Release|Any CPU
		{9AA63AE2-3C0E-4965-988C-6ACAA57B1A3F}.Release|iPhone.Build.0 = Release|Any CPU
		{9AA63AE2-3C0E-4965-988C-6ACAA57B1A3F}.Release|iPhoneSimulator.ActiveCfg = Release|Any CPU
		{9AA63AE2-3C0E-4965-988C-6ACAA57B1A3F}.Release|iPhoneSimulator.Build.0 = Release|Any CPU
		{126376E1-9E13-4481-8C02-1F357BF7F6A1}.Ad-Hoc|Any CPU.ActiveCfg = Ad-Hoc|iPhoneSimulator
		{126376E1-9E13-4481-8C02-1F357BF7F6A1}.Ad-Hoc|iPhone.ActiveCfg = Ad-Hoc|iPhone
		{126376E1-9E13-4481-8C02-1F357BF7F6A1}.Ad-Hoc|iPhone.Build.0 = Ad-Hoc|iPhone
		{126376E1-9E13-4481-8C02-1F357BF7F6A1}.Ad-Hoc|iPhoneSimulator.ActiveCfg = Ad-Hoc|iPhoneSimulator
		{126376E1-9E13-4481-8C02-1F357BF7F6A1}.Ad-Hoc|iPhoneSimulator.Build.0 = Ad-Hoc|iPhoneSimulator
		{126376E1-9E13-4481-8C02-1F357BF7F6A1}.AppStore|Any CPU.ActiveCfg = AppStore|iPhoneSimulator
		{126376E1-9E13-4481-8C02-1F357BF7F6A1}.AppStore|iPhone.ActiveCfg = AppStore|iPhone
		{126376E1-9E13-4481-8C02-1F357BF7F6A1}.AppStore|iPhone.Build.0 = AppStore|iPhone
		{126376E1-9E13-4481-8C02-1F357BF7F6A1}.AppStore|iPhoneSimulator.ActiveCfg = AppStore|iPhoneSimulator
		{126376E1-9E13-4481-8C02-1F357BF7F6A1}.AppStore|iPhoneSimulator.Build.0 = AppStore|iPhoneSimulator
		{126376E1-9E13-4481-8C02-1F357BF7F6A1}.Debug|Any CPU.ActiveCfg = Debug|iPhoneSimulator
		{126376E1-9E13-4481-8C02-1F357BF7F6A1}.Debug|iPhone.ActiveCfg = Debug|iPhone
		{126376E1-9E13-4481-8C02-1F357BF7F6A1}.Debug|iPhone.Build.0 = Debug|iPhone
		{126376E1-9E13-4481-8C02-1F357BF7F6A1}.Debug|iPhoneSimulator.ActiveCfg = Debug|iPhoneSimulator
		{126376E1-9E13-4481-8C02-1F357BF7F6A1}.Debug|iPhoneSimulator.Build.0 = Debug|iPhoneSimulator
		{126376E1-9E13-4481-8C02-1F357BF7F6A1}.Release|Any CPU.ActiveCfg = Release|iPhoneSimulator
		{126376E1-9E13-4481-8C02-1F357BF7F6A1}.Release|iPhone.ActiveCfg = Release|iPhone
		{126376E1-9E13-4481-8C02-1F357BF7F6A1}.Release|iPhone.Build.0 = Release|iPhone
		{126376E1-9E13-4481-8C02-1F357BF7F6A1}.Release|iPhoneSimulator.ActiveCfg = Release|iPhoneSimulator
		{126376E1-9E13-4481-8C02-1F357BF7F6A1}.Release|iPhoneSimulator.Build.0 = Release|iPhoneSimulator
	EndGlobalSection
	GlobalSection(SolutionProperties) = preSolution
		HideSolutionNode = FALSE
	EndGlobalSection
	GlobalSection(ExtensibilityGlobals) = postSolution
		SolutionGuid = {31F580FE-C907-4862-8655-EB7C4FC7357B}
	EndGlobalSection
EndGlobal
